
Microsoft Visual Studio Solution File, Format Version 12.00
# Visual Studio 15
Project("{FAE04EC0-301F-11D3-BF4B-00C04F79EFBC}") = "Assembly-CSharp", "Assembly-CSharp.csproj", "{0E79A532-64C0-0359-3CEE-6DED95FE65CE}"
EndProject
Project("{FAE04EC0-301F-11D3-BF4B-00C04F79EFBC}") = "Assembly-CSharp-Editor", "Assembly-CSharp-Editor.csproj", "{9AF26293-063D-E5DC-3946-BFAF9617A332}"
EndProject
Global
	GlobalSection(SolutionConfigurationPlatforms) = preSolution
		Debug|Any CPU = Debug|Any CPU
		Release|Any CPU = Release|Any CPU
	EndGlobalSection
	GlobalSection(ProjectConfigurationPlatforms) = postSolution
		{0E79A532-64C0-0359-3CEE-6DED95FE65CE}.Debug|Any CPU.ActiveCfg = Debug|Any CPU
		{0E79A532-64C0-0359-3CEE-6DED95FE65CE}.Debug|Any CPU.Build.0 = Debug|Any CPU
		{0E79A532-64C0-0359-3CEE-6DED95FE65CE}.Release|Any CPU.ActiveCfg = Release|Any CPU
		{0E79A532-64C0-0359-3CEE-6DED95FE65CE}.Release|Any CPU.Build.0 = Release|Any CPU
		{9AF26293-063D-E5DC-3946-BFAF9617A332}.Debug|Any CPU.ActiveCfg = Debug|Any CPU
		{9AF26293-063D-E5DC-3946-BFAF9617A332}.Debug|Any CPU.Build.0 = Debug|Any CPU
		{9AF26293-063D-E5DC-3946-BFAF9617A332}.Release|Any CPU.ActiveCfg = Release|Any CPU
		{9AF26293-063D-E5DC-3946-BFAF9617A332}.Release|Any CPU.Build.0 = Release|Any CPU
	EndGlobalSection
	GlobalSection(SolutionProperties) = preSolution
		HideSolutionNode = FALSE
	EndGlobalSection
EndGlobal
